// !$*UTF8*$!
{
	archiveVersion = 1;
	classes = {
	};
	objectVersion = 50;
	objects = {

/* Begin PBXBuildFile section */
		2D5641AF2161071F0023E8F3 /* AppDelegate.swift in Sources */ = {isa = PBXBuildFile; fileRef = 2D5641AE2161071F0023E8F3 /* AppDelegate.swift */; };
		2D5641B12161071F0023E8F3 /* ViewController.swift in Sources */ = {isa = PBXBuildFile; fileRef = 2D5641B02161071F0023E8F3 /* ViewController.swift */; };
		2D5641B42161071F0023E8F3 /* Main.storyboard in Resources */ = {isa = PBXBuildFile; fileRef = 2D5641B22161071F0023E8F3 /* Main.storyboard */; };
		2D5641B6216107200023E8F3 /* Assets.xcassets in Resources */ = {isa = PBXBuildFile; fileRef = 2D5641B5216107200023E8F3 /* Assets.xcassets */; };
		2D5641B9216107200023E8F3 /* LaunchScreen.storyboard in Resources */ = {isa = PBXBuildFile; fileRef = 2D5641B7216107200023E8F3 /* LaunchScreen.storyboard */; };
		2D5641C121610B7A0023E8F3 /* SignupViewController.swift in Sources */ = {isa = PBXBuildFile; fileRef = 2D5641C021610B7A0023E8F3 /* SignupViewController.swift */; };
		2D5641C52161BDD30023E8F3 /* HomeCollectionViewController.swift in Sources */ = {isa = PBXBuildFile; fileRef = 2D5641C42161BDD30023E8F3 /* HomeCollectionViewController.swift */; };
		2D5641C72161C72E0023E8F3 /* HomeCollectionViewCell.swift in Sources */ = {isa = PBXBuildFile; fileRef = 2D5641C62161C72E0023E8F3 /* HomeCollectionViewCell.swift */; };
		2D5641C92161DB7D0023E8F3 /* Dogs.swift in Sources */ = {isa = PBXBuildFile; fileRef = 2D5641C82161DB7D0023E8F3 /* Dogs.swift */; };
		2D5641CE2165D3240023E8F3 /* HomeViewController.swift in Sources */ = {isa = PBXBuildFile; fileRef = 2D5641CD2165D3240023E8F3 /* HomeViewController.swift */; };
		6A87F4F6386CCC7229632D5C /* Pods_Desafio_IDwall_iddog.framework in Frameworks */ = {isa = PBXBuildFile; fileRef = AC5E13046E69C90BAE734E2F /* Pods_Desafio_IDwall_iddog.framework */; };
/* End PBXBuildFile section */

/* Begin PBXFileReference section */
		2D5641AB2161071F0023E8F3 /* Desafio IDwall-iddog.app */ = {isa = PBXFileReference; explicitFileType = wrapper.application; includeInIndex = 0; path = "Desafio IDwall-iddog.app"; sourceTree = BUILT_PRODUCTS_DIR; };
		2D5641AE2161071F0023E8F3 /* AppDelegate.swift */ = {isa = PBXFileReference; lastKnownFileType = sourcecode.swift; path = AppDelegate.swift; sourceTree = "<group>"; };
		2D5641B02161071F0023E8F3 /* ViewController.swift */ = {isa = PBXFileReference; lastKnownFileType = sourcecode.swift; path = ViewController.swift; sourceTree = "<group>"; };
		2D5641B32161071F0023E8F3 /* Base */ = {isa = PBXFileReference; lastKnownFileType = file.storyboard; name = Base; path = Base.lproj/Main.storyboard; sourceTree = "<group>"; };
		2D5641B5216107200023E8F3 /* Assets.xcassets */ = {isa = PBXFileReference; lastKnownFileType = folder.assetcatalog; path = Assets.xcassets; sourceTree = "<group>"; };
		2D5641B8216107200023E8F3 /* Base */ = {isa = PBXFileReference; lastKnownFileType = file.storyboard; name = Base; path = Base.lproj/LaunchScreen.storyboard; sourceTree = "<group>"; };
		2D5641BA216107200023E8F3 /* Info.plist */ = {isa = PBXFileReference; lastKnownFileType = text.plist.xml; path = Info.plist; sourceTree = "<group>"; };
		2D5641C021610B7A0023E8F3 /* SignupViewController.swift */ = {isa = PBXFileReference; lastKnownFileType = sourcecode.swift; path = SignupViewController.swift; sourceTree = "<group>"; };
		2D5641C42161BDD30023E8F3 /* HomeCollectionViewController.swift */ = {isa = PBXFileReference; lastKnownFileType = sourcecode.swift; path = HomeCollectionViewController.swift; sourceTree = "<group>"; };
		2D5641C62161C72E0023E8F3 /* HomeCollectionViewCell.swift */ = {isa = PBXFileReference; lastKnownFileType = sourcecode.swift; path = HomeCollectionViewCell.swift; sourceTree = "<group>"; };
		2D5641C82161DB7D0023E8F3 /* Dogs.swift */ = {isa = PBXFileReference; lastKnownFileType = sourcecode.swift; path = Dogs.swift; sourceTree = "<group>"; };
		2D5641CD2165D3240023E8F3 /* HomeViewController.swift */ = {isa = PBXFileReference; lastKnownFileType = sourcecode.swift; path = HomeViewController.swift; sourceTree = "<group>"; };
		429EA10787ED480C92BFB4C6 /* Pods-Desafio IDwall-iddog.debug.xcconfig */ = {isa = PBXFileReference; includeInIndex = 1; lastKnownFileType = text.xcconfig; name = "Pods-Desafio IDwall-iddog.debug.xcconfig"; path = "Pods/Target Support Files/Pods-Desafio IDwall-iddog/Pods-Desafio IDwall-iddog.debug.xcconfig"; sourceTree = "<group>"; };
		AC5E13046E69C90BAE734E2F /* Pods_Desafio_IDwall_iddog.framework */ = {isa = PBXFileReference; explicitFileType = wrapper.framework; includeInIndex = 0; path = Pods_Desafio_IDwall_iddog.framework; sourceTree = BUILT_PRODUCTS_DIR; };
		EB8FEDCC25C4C4BE3EDB471D /* Pods-Desafio IDwall-iddog.release.xcconfig */ = {isa = PBXFileReference; includeInIndex = 1; lastKnownFileType = text.xcconfig; name = "Pods-Desafio IDwall-iddog.release.xcconfig"; path = "Pods/Target Support Files/Pods-Desafio IDwall-iddog/Pods-Desafio IDwall-iddog.release.xcconfig"; sourceTree = "<group>"; };
/* End PBXFileReference section */

/* Begin PBXFrameworksBuildPhase section */
		2D5641A82161071F0023E8F3 /* Frameworks */ = {
			isa = PBXFrameworksBuildPhase;
			buildActionMask = 2147483647;
			files = (
				6A87F4F6386CCC7229632D5C /* Pods_Desafio_IDwall_iddog.framework in Frameworks */,
			);
			runOnlyForDeploymentPostprocessing = 0;
		};
/* End PBXFrameworksBuildPhase section */

/* Begin PBXGroup section */
		2D5641A22161071F0023E8F3 = {
			isa = PBXGroup;
			children = (
				2D5641AD2161071F0023E8F3 /* Desafio IDwall-iddog */,
				2D5641AC2161071F0023E8F3 /* Products */,
				D37708179D431D5A0BEA4E95 /* Pods */,
				BAF91F1941EC4518898401BE /* Frameworks */,
			);
			sourceTree = "<group>";
		};
		2D5641AC2161071F0023E8F3 /* Products */ = {
			isa = PBXGroup;
			children = (
				2D5641AB2161071F0023E8F3 /* Desafio IDwall-iddog.app */,
			);
			name = Products;
			sourceTree = "<group>";
		};
		2D5641AD2161071F0023E8F3 /* Desafio IDwall-iddog */ = {
			isa = PBXGroup;
			children = (
				2D5641AE2161071F0023E8F3 /* AppDelegate.swift */,
				2D5641B02161071F0023E8F3 /* ViewController.swift */,
				2D5641C021610B7A0023E8F3 /* SignupViewController.swift */,
				2D5641C42161BDD30023E8F3 /* HomeCollectionViewController.swift */,
				2D5641C62161C72E0023E8F3 /* HomeCollectionViewCell.swift */,
				2D5641C82161DB7D0023E8F3 /* Dogs.swift */,
				2D5641B22161071F0023E8F3 /* Main.storyboard */,
				2D5641B5216107200023E8F3 /* Assets.xcassets */,
				2D5641B7216107200023E8F3 /* LaunchScreen.storyboard */,
				2D5641BA216107200023E8F3 /* Info.plist */,
				2D5641CD2165D3240023E8F3 /* HomeViewController.swift */,
			);
			path = "Desafio IDwall-iddog";
			sourceTree = "<group>";
		};
		BAF91F1941EC4518898401BE /* Frameworks */ = {
			isa = PBXGroup;
			children = (
				AC5E13046E69C90BAE734E2F /* Pods_Desafio_IDwall_iddog.framework */,
			);
			name = Frameworks;
			sourceTree = "<group>";
		};
		D37708179D431D5A0BEA4E95 /* Pods */ = {
			isa = PBXGroup;
			children = (
				429EA10787ED480C92BFB4C6 /* Pods-Desafio IDwall-iddog.debug.xcconfig */,
				EB8FEDCC25C4C4BE3EDB471D /* Pods-Desafio IDwall-iddog.release.xcconfig */,
			);
			name = Pods;
			sourceTree = "<group>";
		};
/* End PBXGroup section */

/* Begin PBXNativeTarget section */
		2D5641AA2161071F0023E8F3 /* Desafio IDwall-iddog */ = {
			isa = PBXNativeTarget;
			buildConfigurationList = 2D5641BD216107200023E8F3 /* Build configuration list for PBXNativeTarget "Desafio IDwall-iddog" */;
			buildPhases = (
				AA45708927DAF2EEC4EE301B /* [CP] Check Pods Manifest.lock */,
				2D5641A72161071F0023E8F3 /* Sources */,
				2D5641A82161071F0023E8F3 /* Frameworks */,
				2D5641A92161071F0023E8F3 /* Resources */,
				3C44E213C58689DD4BAA719E /* [CP] Embed Pods Frameworks */,
			);
			buildRules = (
			);
			dependencies = (
			);
			name = "Desafio IDwall-iddog";
			productName = "Desafio IDwall-iddog";
			productReference = 2D5641AB2161071F0023E8F3 /* Desafio IDwall-iddog.app */;
			productType = "com.apple.product-type.application";
		};
/* End PBXNativeTarget section */

/* Begin PBXProject section */
		2D5641A32161071F0023E8F3 /* Project object */ = {
			isa = PBXProject;
			attributes = {
				LastSwiftUpdateCheck = 0940;
				LastUpgradeCheck = 0940;
				ORGANIZATIONNAME = Davison;
				TargetAttributes = {
					2D5641AA2161071F0023E8F3 = {
						CreatedOnToolsVersion = 9.4;
					};
				};
			};
			buildConfigurationList = 2D5641A62161071F0023E8F3 /* Build configuration list for PBXProject "Desafio IDwall-iddog" */;
			compatibilityVersion = "Xcode 9.3";
			developmentRegion = en;
			hasScannedForEncodings = 0;
			knownRegions = (
				en,
				Base,
			);
			mainGroup = 2D5641A22161071F0023E8F3;
			productRefGroup = 2D5641AC2161071F0023E8F3 /* Products */;
			projectDirPath = "";
			projectRoot = "";
			targets = (
				2D5641AA2161071F0023E8F3 /* Desafio IDwall-iddog */,
			);
		};
/* End PBXProject section */

/* Begin PBXResourcesBuildPhase section */
		2D5641A92161071F0023E8F3 /* Resources */ = {
			isa = PBXResourcesBuildPhase;
			buildActionMask = 2147483647;
			files = (
				2D5641B9216107200023E8F3 /* LaunchScreen.storyboard in Resources */,
				2D5641B6216107200023E8F3 /* Assets.xcassets in Resources */,
				2D5641B42161071F0023E8F3 /* Main.storyboard in Resources */,
			);
			runOnlyForDeploymentPostprocessing = 0;
		};
/* End PBXResourcesBuildPhase section */

/* Begin PBXShellScriptBuildPhase section */
		3C44E213C58689DD4BAA719E /* [CP] Embed Pods Frameworks */ = {
			isa = PBXShellScriptBuildPhase;
			buildActionMask = 2147483647;
			files = (
			);
			inputPaths = (
				"${SRCROOT}/Pods/Target Support Files/Pods-Desafio IDwall-iddog/Pods-Desafio IDwall-iddog-frameworks.sh",
				"${BUILT_PRODUCTS_DIR}/Alamofire/Alamofire.framework",
				"${BUILT_PRODUCTS_DIR}/AlamofireImage/AlamofireImage.framework",
				"${BUILT_PRODUCTS_DIR}/ObjectMapper/ObjectMapper.framework",
				"${BUILT_PRODUCTS_DIR}/PromiseKit/PromiseKit.framework",
			);
			name = "[CP] Embed Pods Frameworks";
			outputPaths = (
				"${TARGET_BUILD_DIR}/${FRAMEWORKS_FOLDER_PATH}/Alamofire.framework",
				"${TARGET_BUILD_DIR}/${FRAMEWORKS_FOLDER_PATH}/AlamofireImage.framework",
				"${TARGET_BUILD_DIR}/${FRAMEWORKS_FOLDER_PATH}/ObjectMapper.framework",
				"${TARGET_BUILD_DIR}/${FRAMEWORKS_FOLDER_PATH}/PromiseKit.framework",
			);
			runOnlyForDeploymentPostprocessing = 0;
			shellPath = /bin/sh;
			shellScript = "\"${SRCROOT}/Pods/Target Support Files/Pods-Desafio IDwall-iddog/Pods-Desafio IDwall-iddog-frameworks.sh\"\n";
			showEnvVarsInLog = 0;
		};
		AA45708927DAF2EEC4EE301B /* [CP] Check Pods Manifest.lock */ = {
			isa = PBXShellScriptBuildPhase;
			buildActionMask = 2147483647;
			files = (
			);
			inputPaths = (
				"${PODS_PODFILE_DIR_PATH}/Podfile.lock",
				"${PODS_ROOT}/Manifest.lock",
			);
			name = "[CP] Check Pods Manifest.lock";
			outputPaths = (
				"$(DERIVED_FILE_DIR)/Pods-Desafio IDwall-iddog-checkManifestLockResult.txt",
			);
			runOnlyForDeploymentPostprocessing = 0;
			shellPath = /bin/sh;
			shellScript = "diff \"${PODS_PODFILE_DIR_PATH}/Podfile.lock\" \"${PODS_ROOT}/Manifest.lock\" > /dev/null\nif [ $? != 0 ] ; then\n    # print error to STDERR\n    echo \"error: The sandbox is not in sync with the Podfile.lock. Run 'pod install' or update your CocoaPods installation.\" >&2\n    exit 1\nfi\n# This output is used by Xcode 'outputs' to avoid re-running this script phase.\necho \"SUCCESS\" > \"${SCRIPT_OUTPUT_FILE_0}\"\n";
			showEnvVarsInLog = 0;
		};
/* End PBXShellScriptBuildPhase section */

/* Begin PBXSourcesBuildPhase section */
		2D5641A72161071F0023E8F3 /* Sources */ = {
			isa = PBXSourcesBuildPhase;
			buildActionMask = 2147483647;
			files = (
				2D5641C72161C72E0023E8F3 /* HomeCollectionViewCell.swift in Sources */,
				2D5641C121610B7A0023E8F3 /* SignupViewController.swift in Sources */,
				2D5641B12161071F0023E8F3 /* ViewController.swift in Sources */,
				2D5641AF2161071F0023E8F3 /* AppDelegate.swift in Sources */,
				2D5641C92161DB7D0023E8F3 /* Dogs.swift in Sources */,
				2D5641CE2165D3240023E8F3 /* HomeViewController.swift in Sources */,
				2D5641C52161BDD30023E8F3 /* HomeCollectionViewController.swift in Sources */,
			);
			runOnlyForDeploymentPostprocessing = 0;
		};
/* End PBXSourcesBuildPhase section */

/* Begin PBXVariantGroup section */
		2D5641B22161071F0023E8F3 /* Main.storyboard */ = {
			isa = PBXVariantGroup;
			children = (
				2D5641B32161071F0023E8F3 /* Base */,
			);
			name = Main.storyboard;
			sourceTree = "<group>";
		};
		2D5641B7216107200023E8F3 /* LaunchScreen.storyboard */ = {
			isa = PBXVariantGroup;
			children = (
				2D5641B8216107200023E8F3 /* Base */,
			);
			name = LaunchScreen.storyboard;
			sourceTree = "<group>";
		};
/* End PBXVariantGroup section */

/* Begin XCBuildConfiguration section */
		2D5641BB216107200023E8F3 /* Debug */ = {
			isa = XCBuildConfiguration;
			buildSettings = {
				ALWAYS_SEARCH_USER_PATHS = NO;
				CLANG_ANALYZER_NONNULL = YES;
				CLANG_ANALYZER_NUMBER_OBJECT_CONVERSION = YES_AGGRESSIVE;
				CLANG_CXX_LANGUAGE_STANDARD = "gnu++14";
				CLANG_CXX_LIBRARY = "libc++";
				CLANG_ENABLE_MODULES = YES;
				CLANG_ENABLE_OBJC_ARC = YES;
				CLANG_ENABLE_OBJC_WEAK = YES;
				CLANG_WARN_BLOCK_CAPTURE_AUTORELEASING = YES;
				CLANG_WARN_BOOL_CONVERSION = YES;
				CLANG_WARN_COMMA = YES;
				CLANG_WARN_CONSTANT_CONVERSION = YES;
				CLANG_WARN_DEPRECATED_OBJC_IMPLEMENTATIONS = YES;
				CLANG_WARN_DIRECT_OBJC_ISA_USAGE = YES_ERROR;
				CLANG_WARN_DOCUMENTATION_COMMENTS = YES;
				CLANG_WARN_EMPTY_BODY = YES;
				CLANG_WARN_ENUM_CONVERSION = YES;
				CLANG_WARN_INFINITE_RECURSION = YES;
				CLANG_WARN_INT_CONVERSION = YES;
				CLANG_WARN_NON_LITERAL_NULL_CONVERSION = YES;
				CLANG_WARN_OBJC_IMPLICIT_RETAIN_SELF = YES;
				CLANG_WARN_OBJC_LITERAL_CONVERSION = YES;
				CLANG_WARN_OBJC_ROOT_CLASS = YES_ERROR;
				CLANG_WARN_RANGE_LOOP_ANALYSIS = YES;
				CLANG_WARN_STRICT_PROTOTYPES = YES;
				CLANG_WARN_SUSPICIOUS_MOVE = YES;
				CLANG_WARN_UNGUARDED_AVAILABILITY = YES_AGGRESSIVE;
				CLANG_WARN_UNREACHABLE_CODE = YES;
				CLANG_WARN__DUPLICATE_METHOD_MATCH = YES;
				CODE_SIGN_IDENTITY = "iPhone Developer";
				COPY_PHASE_STRIP = NO;
				DEBUG_INFORMATION_FORMAT = dwarf;
				ENABLE_STRICT_OBJC_MSGSEND = YES;
				ENABLE_TESTABILITY = YES;
				GCC_C_LANGUAGE_STANDARD = gnu11;
				GCC_DYNAMIC_NO_PIC = NO;
				GCC_NO_COMMON_BLOCKS = YES;
				GCC_OPTIMIZATION_LEVEL = 0;
				GCC_PREPROCESSOR_DEFINITIONS = (
					"DEBUG=1",
					"$(inherited)",
				);
				GCC_WARN_64_TO_32_BIT_CONVERSION = YES;
				GCC_WARN_ABOUT_RETURN_TYPE = YES_ERROR;
				GCC_WARN_UNDECLARED_SELECTOR = YES;
				GCC_WARN_UNINITIALIZED_AUTOS = YES_AGGRESSIVE;
				GCC_WARN_UNUSED_FUNCTION = YES;
				GCC_WARN_UNUSED_VARIABLE = YES;
				IPHONEOS_DEPLOYMENT_TARGET = 11.4;
				MTL_ENABLE_DEBUG_INFO = YES;
				ONLY_ACTIVE_ARCH = YES;
				SDKROOT = iphoneos;
				SWIFT_ACTIVE_COMPILATION_CONDITIONS = DEBUG;
				SWIFT_OPTIMIZATION_LEVEL = "-Onone";
			};
			name = Debug;
		};
		2D5641BC216107200023E8F3 /* Release */ = {
			isa = XCBuildConfiguration;
			buildSettings = {
				ALWAYS_SEARCH_USER_PATHS = NO;
				CLANG_ANALYZER_NONNULL = YES;
				CLANG_ANALYZER_NUMBER_OBJECT_CONVERSION = YES_AGGRESSIVE;
				CLANG_CXX_LANGUAGE_STANDARD = "gnu++14";
				CLANG_CXX_LIBRARY = "libc++";
				CLANG_ENABLE_MODULES = YES;
				CLANG_ENABLE_OBJC_ARC = YES;
				CLANG_ENABLE_OBJC_WEAK = YES;
				CLANG_WARN_BLOCK_CAPTURE_AUTORELEASING = YES;
				CLANG_WARN_BOOL_CONVERSION = YES;
				CLANG_WARN_COMMA = YES;
				CLANG_WARN_CONSTANT_CONVERSION = YES;
				CLANG_WARN_DEPRECATED_OBJC_IMPLEMENTATIONS = YES;
				CLANG_WARN_DIRECT_OBJC_ISA_USAGE = YES_ERROR;
				CLANG_WARN_DOCUMENTATION_COMMENTS = YES;
				CLANG_WARN_EMPTY_BODY = YES;
				CLANG_WARN_ENUM_CONVERSION = YES;
				CLANG_WARN_INFINITE_RECURSION = YES;
				CLANG_WARN_INT_CONVERSION = YES;
				CLANG_WARN_NON_LITERAL_NULL_CONVERSION = YES;
				CLANG_WARN_OBJC_IMPLICIT_RETAIN_SELF = YES;
				CLANG_WARN_OBJC_LITERAL_CONVERSION = YES;
				CLANG_WARN_OBJC_ROOT_CLASS = YES_ERROR;
				CLANG_WARN_RANGE_LOOP_ANALYSIS = YES;
				CLANG_WARN_STRICT_PROTOTYPES = YES;
				CLANG_WARN_SUSPICIOUS_MOVE = YES;
				CLANG_WARN_UNGUARDED_AVAILABILITY = YES_AGGRESSIVE;
				CLANG_WARN_UNREACHABLE_CODE = YES;
				CLANG_WARN__DUPLICATE_METHOD_MATCH = YES;
				CODE_SIGN_IDENTITY = "iPhone Developer";
				COPY_PHASE_STRIP = NO;
				DEBUG_INFORMATION_FORMAT = "dwarf-with-dsym";
				ENABLE_NS_ASSERTIONS = NO;
				ENABLE_STRICT_OBJC_MSGSEND = YES;
				GCC_C_LANGUAGE_STANDARD = gnu11;
				GCC_NO_COMMON_BLOCKS = YES;
				GCC_WARN_64_TO_32_BIT_CONVERSION = YES;
				GCC_WARN_ABOUT_RETURN_TYPE = YES_ERROR;
				GCC_WARN_UNDECLARED_SELECTOR = YES;
				GCC_WARN_UNINITIALIZED_AUTOS = YES_AGGRESSIVE;
				GCC_WARN_UNUSED_FUNCTION = YES;
				GCC_WARN_UNUSED_VARIABLE = YES;
				IPHONEOS_DEPLOYMENT_TARGET = 11.4;
				MTL_ENABLE_DEBUG_INFO = NO;
				SDKROOT = iphoneos;
				SWIFT_COMPILATION_MODE = wholemodule;
				SWIFT_OPTIMIZATION_LEVEL = "-O";
				VALIDATE_PRODUCT = YES;
			};
			name = Release;
		};
		2D5641BE216107200023E8F3 /* Debug */ = {
			isa = XCBuildConfiguration;
			baseConfigurationReference = 429EA10787ED480C92BFB4C6 /* Pods-Desafio IDwall-iddog.debug.xcconfig */;
			buildSettings = {
				ASSETCATALOG_COMPILER_APPICON_NAME = AppIcon;
				CODE_SIGN_STYLE = Automatic;
				DEVELOPMENT_TEAM = SK9CL4YA45;
				INFOPLIST_FILE = "Desafio IDwall-iddog/Info.plist";
				LD_RUNPATH_SEARCH_PATHS = (
					"$(inherited)",
					"@executable_path/Frameworks",
				);
				PRODUCT_BUNDLE_IDENTIFIER = "Davison.Desafio-IDwall-iddog";
				PRODUCT_NAME = "$(TARGET_NAME)";
				SWIFT_VERSION = 4.0;
				TARGETED_DEVICE_FAMILY = "1,2";
			};
			name = Debug;
		};
		2D5641BF216107200023E8F3 /* Release */ = {
			isa = XCBuildConfiguration;
			baseConfigurationReference = EB8FEDCC25C4C4BE3EDB471D /* Pods-Desafio IDwall-iddog.release.xcconfig */;
			buildSettings = {
				ASSETCATALOG_COMPILER_APPICON_NAME = AppIcon;
				CODE_SIGN_STYLE = Automatic;
				DEVELOPMENT_TEAM = SK9CL4YA45;
				INFOPLIST_FILE = "Desafio IDwall-iddog/Info.plist";
				LD_RUNPATH_SEARCH_PATHS = (
					"$(inherited)",
					"@executable_path/Frameworks",
				);
				PRODUCT_BUNDLE_IDENTIFIER = "Davison.Desafio-IDwall-iddog";
				PRODUCT_NAME = "$(TARGET_NAME)";
				SWIFT_VERSION = 4.0;
				TARGETED_DEVICE_FAMILY = "1,2";
			};
			name = Release;
		};
/* End XCBuildConfiguration section */

/* Begin XCConfigurationList section */
		2D5641A62161071F0023E8F3 /* Build configuration list for PBXProject "Desafio IDwall-iddog" */ = {
			isa = XCConfigurationList;
			buildConfigurations = (
				2D5641BB216107200023E8F3 /* Debug */,
				2D5641BC216107200023E8F3 /* Release */,
			);
			defaultConfigurationIsVisible = 0;
			defaultConfigurationName = Release;
		};
		2D5641BD216107200023E8F3 /* Build configuration list for PBXNativeTarget "Desafio IDwall-iddog" */ = {
			isa = XCConfigurationList;
			buildConfigurations = (
				2D5641BE216107200023E8F3 /* Debug */,
				2D5641BF216107200023E8F3 /* Release */,
			);
			defaultConfigurationIsVisible = 0;
			defaultConfigurationName = Release;
		};
/* End XCConfigurationList section */
	};
	rootObject = 2D5641A32161071F0023E8F3 /* Project object */;
}
